
Microsoft Visual Studio Solution File, Format Version 12.00
# Visual Studio Version 16
VisualStudioVersion = 16.0.30611.23
MinimumVisualStudioVersion = 10.0.40219.1
Project("{FAE04EC0-301F-11D3-BF4B-00C04F79EFBC}") = "eBookMyTime_FirebaseCloudMessaging", "eBookMyTime_FirebaseCloudMessaging\eBookMyTime_FirebaseCloudMessaging.csproj", "{B17111E5-C003-4213-AADA-EF809BC04C8B}"
EndProject
Global
	GlobalSection(SolutionConfigurationPlatforms) = preSolution
		Debug|Any CPU = Debug|Any CPU
		Release|Any CPU = Release|Any CPU
	EndGlobalSection
	GlobalSection(ProjectConfigurationPlatforms) = postSolution
		{B17111E5-C003-4213-AADA-EF809BC04C8B}.Debug|Any CPU.ActiveCfg = Debug|Any CPU
		{B17111E5-C003-4213-AADA-EF809BC04C8B}.Debug|Any CPU.Build.0 = Debug|Any CPU
		{B17111E5-C003-4213-AADA-EF809BC04C8B}.Release|Any CPU.ActiveCfg = Release|Any CPU
		{B17111E5-C003-4213-AADA-EF809BC04C8B}.Release|Any CPU.Build.0 = Release|Any CPU
	EndGlobalSection
	GlobalSection(SolutionProperties) = preSolution
		HideSolutionNode = FALSE
	EndGlobalSection
	GlobalSection(ExtensibilityGlobals) = postSolution
		SolutionGuid = {18960A38-B952-49F6-BE68-73DE5E76A768}
	EndGlobalSection
EndGlobal
